
Microsoft Visual Studio Solution File, Format Version 12.00
# Visual Studio 15
VisualStudioVersion = 15.0.26730.10
MinimumVisualStudioVersion = 10.0.40219.1

Project("{6EC3EE1D-3C4E-46DD-8F32-0CC8E7565705}") = "EXF_NavigationAndCmd", "EXF_NavigationAndCmd\EXF_NavigationAndCmd.fsproj", "{72220F5E-8FCF-466F-AF35-8B8CD60AAB72}"
EndProject

Project("{F2A71F9B-5D33-465A-A702-920D77279786}") = "EXF_NavigationAndCmd.Android", "EXF_NavigationAndCmd.Android\EXF_NavigationAndCmd.Android.fsproj", "{3D91FB23-0DF8-4AF8-9FAA-58885C63C397}"
EndProject

Project("{F2A71F9B-5D33-465A-A702-920D77279786}") = "EXF_NavigationAndCmd.iOS", "EXF_NavigationAndCmd.iOS\EXF_NavigationAndCmd.iOS.fsproj", "{3E663E28-F75C-416C-96FE-95147C6D68C0}"
EndProject



Global
	GlobalSection(SolutionConfigurationPlatforms) = preSolution
		Ad-Hoc|Any CPU = Ad-Hoc|Any CPU
		Ad-Hoc|ARM = Ad-Hoc|ARM
		Ad-Hoc|iPhone = Ad-Hoc|iPhone
		Ad-Hoc|iPhoneSimulator = Ad-Hoc|iPhoneSimulator
		Ad-Hoc|x64 = Ad-Hoc|x64
		Ad-Hoc|x86 = Ad-Hoc|x86
		AppStore|Any CPU = AppStore|Any CPU
		AppStore|ARM = AppStore|ARM
		AppStore|iPhone = AppStore|iPhone
		AppStore|iPhoneSimulator = AppStore|iPhoneSimulator
		AppStore|x64 = AppStore|x64
		AppStore|x86 = AppStore|x86
		Debug|Any CPU = Debug|Any CPU
		Debug|ARM = Debug|ARM
		Debug|iPhone = Debug|iPhone
		Debug|iPhoneSimulator = Debug|iPhoneSimulator
		Debug|x64 = Debug|x64
		Debug|x86 = Debug|x86
		Release|Any CPU = Release|Any CPU
		Release|ARM = Release|ARM
		Release|iPhone = Release|iPhone
		Release|iPhoneSimulator = Release|iPhoneSimulator
		Release|x64 = Release|x64
		Release|x86 = Release|x86
	EndGlobalSection
	GlobalSection(ProjectConfigurationPlatforms) = postSolution
		{72220F5E-8FCF-466F-AF35-8B8CD60AAB72}.Ad-Hoc|Any CPU.ActiveCfg = Debug|Any CPU
		{72220F5E-8FCF-466F-AF35-8B8CD60AAB72}.Ad-Hoc|Any CPU.Build.0 = Debug|Any CPU
		{72220F5E-8FCF-466F-AF35-8B8CD60AAB72}.Ad-Hoc|ARM.ActiveCfg = Debug|Any CPU
		{72220F5E-8FCF-466F-AF35-8B8CD60AAB72}.Ad-Hoc|ARM.Build.0 = Debug|Any CPU
		{72220F5E-8FCF-466F-AF35-8B8CD60AAB72}.Ad-Hoc|iPhone.ActiveCfg = Debug|Any CPU
		{72220F5E-8FCF-466F-AF35-8B8CD60AAB72}.Ad-Hoc|iPhone.Build.0 = Debug|Any CPU
		{72220F5E-8FCF-466F-AF35-8B8CD60AAB72}.Ad-Hoc|iPhoneSimulator.ActiveCfg = Debug|Any CPU
		{72220F5E-8FCF-466F-AF35-8B8CD60AAB72}.Ad-Hoc|iPhoneSimulator.Build.0 = Debug|Any CPU
		{72220F5E-8FCF-466F-AF35-8B8CD60AAB72}.Ad-Hoc|x64.ActiveCfg = Debug|Any CPU
		{72220F5E-8FCF-466F-AF35-8B8CD60AAB72}.Ad-Hoc|x64.Build.0 = Debug|Any CPU
		{72220F5E-8FCF-466F-AF35-8B8CD60AAB72}.Ad-Hoc|x86.ActiveCfg = Debug|Any CPU
		{72220F5E-8FCF-466F-AF35-8B8CD60AAB72}.Ad-Hoc|x86.Build.0 = Debug|Any CPU
		{72220F5E-8FCF-466F-AF35-8B8CD60AAB72}.AppStore|Any CPU.ActiveCfg = Debug|Any CPU
		{72220F5E-8FCF-466F-AF35-8B8CD60AAB72}.AppStore|Any CPU.Build.0 = Debug|Any CPU
		{72220F5E-8FCF-466F-AF35-8B8CD60AAB72}.AppStore|ARM.ActiveCfg = Debug|Any CPU
		{72220F5E-8FCF-466F-AF35-8B8CD60AAB72}.AppStore|ARM.Build.0 = Debug|Any CPU
		{72220F5E-8FCF-466F-AF35-8B8CD60AAB72}.AppStore|iPhone.ActiveCfg = Debug|Any CPU
		{72220F5E-8FCF-466F-AF35-8B8CD60AAB72}.AppStore|iPhone.Build.0 = Debug|Any CPU
		{72220F5E-8FCF-466F-AF35-8B8CD60AAB72}.AppStore|iPhoneSimulator.ActiveCfg = Debug|Any CPU
		{72220F5E-8FCF-466F-AF35-8B8CD60AAB72}.AppStore|iPhoneSimulator.Build.0 = Debug|Any CPU
		{72220F5E-8FCF-466F-AF35-8B8CD60AAB72}.AppStore|x64.ActiveCfg = Debug|Any CPU
		{72220F5E-8FCF-466F-AF35-8B8CD60AAB72}.AppStore|x64.Build.0 = Debug|Any CPU
		{72220F5E-8FCF-466F-AF35-8B8CD60AAB72}.AppStore|x86.ActiveCfg = Debug|Any CPU
		{72220F5E-8FCF-466F-AF35-8B8CD60AAB72}.AppStore|x86.Build.0 = Debug|Any CPU
		{72220F5E-8FCF-466F-AF35-8B8CD60AAB72}.Debug|Any CPU.ActiveCfg = Debug|Any CPU
		{72220F5E-8FCF-466F-AF35-8B8CD60AAB72}.Debug|Any CPU.Build.0 = Debug|Any CPU
		{72220F5E-8FCF-466F-AF35-8B8CD60AAB72}.Debug|ARM.ActiveCfg = Debug|Any CPU
		{72220F5E-8FCF-466F-AF35-8B8CD60AAB72}.Debug|ARM.Build.0 = Debug|Any CPU
		{72220F5E-8FCF-466F-AF35-8B8CD60AAB72}.Debug|iPhone.ActiveCfg = Debug|Any CPU
		{72220F5E-8FCF-466F-AF35-8B8CD60AAB72}.Debug|iPhone.Build.0 = Debug|Any CPU
		{72220F5E-8FCF-466F-AF35-8B8CD60AAB72}.Debug|iPhoneSimulator.ActiveCfg = Debug|Any CPU
		{72220F5E-8FCF-466F-AF35-8B8CD60AAB72}.Debug|iPhoneSimulator.Build.0 = Debug|Any CPU
		{72220F5E-8FCF-466F-AF35-8B8CD60AAB72}.Debug|x64.ActiveCfg = Debug|Any CPU
		{72220F5E-8FCF-466F-AF35-8B8CD60AAB72}.Debug|x64.Build.0 = Debug|Any CPU
		{72220F5E-8FCF-466F-AF35-8B8CD60AAB72}.Debug|x86.ActiveCfg = Debug|Any CPU
		{72220F5E-8FCF-466F-AF35-8B8CD60AAB72}.Debug|x86.Build.0 = Debug|Any CPU
		{72220F5E-8FCF-466F-AF35-8B8CD60AAB72}.Release|Any CPU.ActiveCfg = Release|Any CPU
		{72220F5E-8FCF-466F-AF35-8B8CD60AAB72}.Release|Any CPU.Build.0 = Release|Any CPU
		{72220F5E-8FCF-466F-AF35-8B8CD60AAB72}.Release|ARM.ActiveCfg = Release|Any CPU
		{72220F5E-8FCF-466F-AF35-8B8CD60AAB72}.Release|ARM.Build.0 = Release|Any CPU
		{72220F5E-8FCF-466F-AF35-8B8CD60AAB72}.Release|iPhone.ActiveCfg = Release|Any CPU
		{72220F5E-8FCF-466F-AF35-8B8CD60AAB72}.Release|iPhone.Build.0 = Release|Any CPU
		{72220F5E-8FCF-466F-AF35-8B8CD60AAB72}.Release|iPhoneSimulator.ActiveCfg = Release|Any CPU
		{72220F5E-8FCF-466F-AF35-8B8CD60AAB72}.Release|iPhoneSimulator.Build.0 = Release|Any CPU
		{72220F5E-8FCF-466F-AF35-8B8CD60AAB72}.Release|x64.ActiveCfg = Release|Any CPU
		{72220F5E-8FCF-466F-AF35-8B8CD60AAB72}.Release|x64.Build.0 = Release|Any CPU
		{72220F5E-8FCF-466F-AF35-8B8CD60AAB72}.Release|x86.ActiveCfg = Release|Any CPU
		{72220F5E-8FCF-466F-AF35-8B8CD60AAB72}.Release|x86.Build.0 = Release|Any CPU
		{3E663E28-F75C-416C-96FE-95147C6D68C0}.Ad-Hoc|Any CPU.ActiveCfg = Ad-Hoc|iPhone
		{3E663E28-F75C-416C-96FE-95147C6D68C0}.Ad-Hoc|ARM.ActiveCfg = Ad-Hoc|iPhone
		{3E663E28-F75C-416C-96FE-95147C6D68C0}.Ad-Hoc|iPhone.ActiveCfg = Ad-Hoc|iPhone
		{3E663E28-F75C-416C-96FE-95147C6D68C0}.Ad-Hoc|iPhone.Build.0 = Ad-Hoc|iPhone
		{3E663E28-F75C-416C-96FE-95147C6D68C0}.Ad-Hoc|iPhoneSimulator.ActiveCfg = Ad-Hoc|iPhoneSimulator
		{3E663E28-F75C-416C-96FE-95147C6D68C0}.Ad-Hoc|iPhoneSimulator.Build.0 = Ad-Hoc|iPhoneSimulator
		{3E663E28-F75C-416C-96FE-95147C6D68C0}.Ad-Hoc|x64.ActiveCfg = Ad-Hoc|iPhone
		{3E663E28-F75C-416C-96FE-95147C6D68C0}.Ad-Hoc|x86.ActiveCfg = Ad-Hoc|iPhone
		{3E663E28-F75C-416C-96FE-95147C6D68C0}.AppStore|Any CPU.ActiveCfg = AppStore|iPhone
		{3E663E28-F75C-416C-96FE-95147C6D68C0}.AppStore|ARM.ActiveCfg = AppStore|iPhone
		{3E663E28-F75C-416C-96FE-95147C6D68C0}.AppStore|iPhone.ActiveCfg = AppStore|iPhone
		{3E663E28-F75C-416C-96FE-95147C6D68C0}.AppStore|iPhone.Build.0 = AppStore|iPhone
		{3E663E28-F75C-416C-96FE-95147C6D68C0}.AppStore|iPhoneSimulator.ActiveCfg = AppStore|iPhoneSimulator
		{3E663E28-F75C-416C-96FE-95147C6D68C0}.AppStore|iPhoneSimulator.Build.0 = AppStore|iPhoneSimulator
		{3E663E28-F75C-416C-96FE-95147C6D68C0}.AppStore|x64.ActiveCfg = AppStore|iPhone
		{3E663E28-F75C-416C-96FE-95147C6D68C0}.AppStore|x86.ActiveCfg = AppStore|iPhone
		{3E663E28-F75C-416C-96FE-95147C6D68C0}.Debug|Any CPU.ActiveCfg = Debug|iPhone
		{3E663E28-F75C-416C-96FE-95147C6D68C0}.Debug|ARM.ActiveCfg = Debug|iPhone
		{3E663E28-F75C-416C-96FE-95147C6D68C0}.Debug|iPhone.ActiveCfg = Debug|iPhone
		{3E663E28-F75C-416C-96FE-95147C6D68C0}.Debug|iPhone.Build.0 = Debug|iPhone
		{3E663E28-F75C-416C-96FE-95147C6D68C0}.Debug|iPhoneSimulator.ActiveCfg = Debug|iPhoneSimulator
		{3E663E28-F75C-416C-96FE-95147C6D68C0}.Debug|iPhoneSimulator.Build.0 = Debug|iPhoneSimulator
		{3E663E28-F75C-416C-96FE-95147C6D68C0}.Debug|x64.ActiveCfg = Debug|iPhone
		{3E663E28-F75C-416C-96FE-95147C6D68C0}.Debug|x86.ActiveCfg = Debug|iPhone
		{3E663E28-F75C-416C-96FE-95147C6D68C0}.Release|Any CPU.ActiveCfg = Release|iPhone
		{3E663E28-F75C-416C-96FE-95147C6D68C0}.Release|ARM.ActiveCfg = Release|iPhone
		{3E663E28-F75C-416C-96FE-95147C6D68C0}.Release|iPhone.ActiveCfg = Release|iPhone
		{3E663E28-F75C-416C-96FE-95147C6D68C0}.Release|iPhone.Build.0 = Release|iPhone
		{3E663E28-F75C-416C-96FE-95147C6D68C0}.Release|iPhoneSimulator.ActiveCfg = Release|iPhoneSimulator
		{3E663E28-F75C-416C-96FE-95147C6D68C0}.Release|iPhoneSimulator.Build.0 = Release|iPhoneSimulator
		{3E663E28-F75C-416C-96FE-95147C6D68C0}.Release|x64.ActiveCfg = Release|iPhone
		{3E663E28-F75C-416C-96FE-95147C6D68C0}.Release|x86.ActiveCfg = Release|iPhone
		{96D93C19-FE89-4D8B-87AF-943B0B0AE684}.Ad-Hoc|Any CPU.ActiveCfg = Release|x86
		{96D93C19-FE89-4D8B-87AF-943B0B0AE684}.Ad-Hoc|Any CPU.Build.0 = Release|x86
		{96D93C19-FE89-4D8B-87AF-943B0B0AE684}.Ad-Hoc|Any CPU.Deploy.0 = Release|x86
		{96D93C19-FE89-4D8B-87AF-943B0B0AE684}.Ad-Hoc|ARM.ActiveCfg = Release|ARM
		{96D93C19-FE89-4D8B-87AF-943B0B0AE684}.Ad-Hoc|ARM.Build.0 = Release|ARM
		{96D93C19-FE89-4D8B-87AF-943B0B0AE684}.Ad-Hoc|ARM.Deploy.0 = Release|ARM
		{96D93C19-FE89-4D8B-87AF-943B0B0AE684}.Ad-Hoc|iPhone.ActiveCfg = Release|x86
		{96D93C19-FE89-4D8B-87AF-943B0B0AE684}.Ad-Hoc|iPhone.Build.0 = Release|x86
		{96D93C19-FE89-4D8B-87AF-943B0B0AE684}.Ad-Hoc|iPhone.Deploy.0 = Release|x86
		{96D93C19-FE89-4D8B-87AF-943B0B0AE684}.Ad-Hoc|iPhoneSimulator.ActiveCfg = Release|x86
		{96D93C19-FE89-4D8B-87AF-943B0B0AE684}.Ad-Hoc|iPhoneSimulator.Build.0 = Release|x86
		{96D93C19-FE89-4D8B-87AF-943B0B0AE684}.Ad-Hoc|iPhoneSimulator.Deploy.0 = Release|x86
		{96D93C19-FE89-4D8B-87AF-943B0B0AE684}.Ad-Hoc|x64.ActiveCfg = Release|x64
		{96D93C19-FE89-4D8B-87AF-943B0B0AE684}.Ad-Hoc|x64.Build.0 = Release|x64
		{96D93C19-FE89-4D8B-87AF-943B0B0AE684}.Ad-Hoc|x64.Deploy.0 = Release|x64
		{96D93C19-FE89-4D8B-87AF-943B0B0AE684}.Ad-Hoc|x86.ActiveCfg = Release|x86
		{96D93C19-FE89-4D8B-87AF-943B0B0AE684}.Ad-Hoc|x86.Build.0 = Release|x86
		{96D93C19-FE89-4D8B-87AF-943B0B0AE684}.Ad-Hoc|x86.Deploy.0 = Release|x86
		{96D93C19-FE89-4D8B-87AF-943B0B0AE684}.AppStore|Any CPU.ActiveCfg = Release|x86
		{96D93C19-FE89-4D8B-87AF-943B0B0AE684}.AppStore|Any CPU.Build.0 = Release|x86
		{96D93C19-FE89-4D8B-87AF-943B0B0AE684}.AppStore|Any CPU.Deploy.0 = Release|x86
		{96D93C19-FE89-4D8B-87AF-943B0B0AE684}.AppStore|ARM.ActiveCfg = Release|ARM
		{96D93C19-FE89-4D8B-87AF-943B0B0AE684}.AppStore|ARM.Build.0 = Release|ARM
		{96D93C19-FE89-4D8B-87AF-943B0B0AE684}.AppStore|ARM.Deploy.0 = Release|ARM
		{96D93C19-FE89-4D8B-87AF-943B0B0AE684}.AppStore|iPhone.ActiveCfg = Release|x86
		{96D93C19-FE89-4D8B-87AF-943B0B0AE684}.AppStore|iPhone.Build.0 = Release|x86
		{96D93C19-FE89-4D8B-87AF-943B0B0AE684}.AppStore|iPhone.Deploy.0 = Release|x86
		{96D93C19-FE89-4D8B-87AF-943B0B0AE684}.AppStore|iPhoneSimulator.ActiveCfg = Release|x86
		{96D93C19-FE89-4D8B-87AF-943B0B0AE684}.AppStore|iPhoneSimulator.Build.0 = Release|x86
		{96D93C19-FE89-4D8B-87AF-943B0B0AE684}.AppStore|iPhoneSimulator.Deploy.0 = Release|x86
		{96D93C19-FE89-4D8B-87AF-943B0B0AE684}.AppStore|x64.ActiveCfg = Release|x64
		{96D93C19-FE89-4D8B-87AF-943B0B0AE684}.AppStore|x64.Build.0 = Release|x64
		{96D93C19-FE89-4D8B-87AF-943B0B0AE684}.AppStore|x64.Deploy.0 = Release|x64
		{96D93C19-FE89-4D8B-87AF-943B0B0AE684}.AppStore|x86.ActiveCfg = Release|x86
		{96D93C19-FE89-4D8B-87AF-943B0B0AE684}.AppStore|x86.Build.0 = Release|x86
		{96D93C19-FE89-4D8B-87AF-943B0B0AE684}.AppStore|x86.Deploy.0 = Release|x86
		{96D93C19-FE89-4D8B-87AF-943B0B0AE684}.Debug|Any CPU.ActiveCfg = Debug|x86
		{96D93C19-FE89-4D8B-87AF-943B0B0AE684}.Debug|ARM.ActiveCfg = Debug|ARM
		{96D93C19-FE89-4D8B-87AF-943B0B0AE684}.Debug|ARM.Build.0 = Debug|ARM
		{96D93C19-FE89-4D8B-87AF-943B0B0AE684}.Debug|ARM.Deploy.0 = Debug|ARM
		{96D93C19-FE89-4D8B-87AF-943B0B0AE684}.Debug|iPhone.ActiveCfg = Debug|x86
		{96D93C19-FE89-4D8B-87AF-943B0B0AE684}.Debug|iPhoneSimulator.ActiveCfg = Debug|x86
		{96D93C19-FE89-4D8B-87AF-943B0B0AE684}.Debug|x64.ActiveCfg = Debug|x64
		{96D93C19-FE89-4D8B-87AF-943B0B0AE684}.Debug|x64.Build.0 = Debug|x64
		{96D93C19-FE89-4D8B-87AF-943B0B0AE684}.Debug|x64.Deploy.0 = Debug|x64
		{96D93C19-FE89-4D8B-87AF-943B0B0AE684}.Debug|x86.ActiveCfg = Debug|x86
		{96D93C19-FE89-4D8B-87AF-943B0B0AE684}.Debug|x86.Build.0 = Debug|x86
		{96D93C19-FE89-4D8B-87AF-943B0B0AE684}.Debug|x86.Deploy.0 = Debug|x86
		{96D93C19-FE89-4D8B-87AF-943B0B0AE684}.Release|Any CPU.ActiveCfg = Release|x86
		{96D93C19-FE89-4D8B-87AF-943B0B0AE684}.Release|ARM.ActiveCfg = Release|ARM
		{96D93C19-FE89-4D8B-87AF-943B0B0AE684}.Release|ARM.Build.0 = Release|ARM
		{96D93C19-FE89-4D8B-87AF-943B0B0AE684}.Release|ARM.Deploy.0 = Release|ARM
		{96D93C19-FE89-4D8B-87AF-943B0B0AE684}.Release|iPhone.ActiveCfg = Release|x86
		{96D93C19-FE89-4D8B-87AF-943B0B0AE684}.Release|iPhoneSimulator.ActiveCfg = Release|x86
		{96D93C19-FE89-4D8B-87AF-943B0B0AE684}.Release|x64.ActiveCfg = Release|x64
		{96D93C19-FE89-4D8B-87AF-943B0B0AE684}.Release|x64.Build.0 = Release|x64
		{96D93C19-FE89-4D8B-87AF-943B0B0AE684}.Release|x64.Deploy.0 = Release|x64
		{96D93C19-FE89-4D8B-87AF-943B0B0AE684}.Release|x86.ActiveCfg = Release|x86
		{96D93C19-FE89-4D8B-87AF-943B0B0AE684}.Release|x86.Build.0 = Release|x86
		{96D93C19-FE89-4D8B-87AF-943B0B0AE684}.Release|x86.Deploy.0 = Release|x86
		{B4530E93-9643-4009-BFC1-253220F87C7B}.Ad-Hoc|Any CPU.ActiveCfg = Release|Any CPU
		{B4530E93-9643-4009-BFC1-253220F87C7B}.Ad-Hoc|Any CPU.Build.0 = Release|Any CPU
		{B4530E93-9643-4009-BFC1-253220F87C7B}.Ad-Hoc|ARM.ActiveCfg = Release|Any CPU
		{B4530E93-9643-4009-BFC1-253220F87C7B}.Ad-Hoc|ARM.Build.0 = Release|Any CPU
		{B4530E93-9643-4009-BFC1-253220F87C7B}.Ad-Hoc|iPhone.ActiveCfg = Release|Any CPU
		{B4530E93-9643-4009-BFC1-253220F87C7B}.Ad-Hoc|iPhone.Build.0 = Release|Any CPU
		{B4530E93-9643-4009-BFC1-253220F87C7B}.Ad-Hoc|iPhoneSimulator.ActiveCfg = Release|Any CPU
		{B4530E93-9643-4009-BFC1-253220F87C7B}.Ad-Hoc|iPhoneSimulator.Build.0 = Release|Any CPU
		{B4530E93-9643-4009-BFC1-253220F87C7B}.Ad-Hoc|x64.ActiveCfg = Release|Any CPU
		{B4530E93-9643-4009-BFC1-253220F87C7B}.Ad-Hoc|x64.Build.0 = Release|Any CPU
		{B4530E93-9643-4009-BFC1-253220F87C7B}.Ad-Hoc|x86.ActiveCfg = Release|Any CPU
		{B4530E93-9643-4009-BFC1-253220F87C7B}.Ad-Hoc|x86.Build.0 = Release|Any CPU
		{B4530E93-9643-4009-BFC1-253220F87C7B}.AppStore|Any CPU.ActiveCfg = Release|Any CPU
		{B4530E93-9643-4009-BFC1-253220F87C7B}.AppStore|Any CPU.Build.0 = Release|Any CPU
		{B4530E93-9643-4009-BFC1-253220F87C7B}.AppStore|ARM.ActiveCfg = Release|Any CPU
		{B4530E93-9643-4009-BFC1-253220F87C7B}.AppStore|ARM.Build.0 = Release|Any CPU
		{B4530E93-9643-4009-BFC1-253220F87C7B}.AppStore|iPhone.ActiveCfg = Release|Any CPU
		{B4530E93-9643-4009-BFC1-253220F87C7B}.AppStore|iPhone.Build.0 = Release|Any CPU
		{B4530E93-9643-4009-BFC1-253220F87C7B}.AppStore|iPhoneSimulator.ActiveCfg = Release|Any CPU
		{B4530E93-9643-4009-BFC1-253220F87C7B}.AppStore|iPhoneSimulator.Build.0 = Release|Any CPU
		{B4530E93-9643-4009-BFC1-253220F87C7B}.AppStore|x64.ActiveCfg = Release|Any CPU
		{B4530E93-9643-4009-BFC1-253220F87C7B}.AppStore|x64.Build.0 = Release|Any CPU
		{B4530E93-9643-4009-BFC1-253220F87C7B}.AppStore|x86.ActiveCfg = Release|Any CPU
		{B4530E93-9643-4009-BFC1-253220F87C7B}.AppStore|x86.Build.0 = Release|Any CPU
		{B4530E93-9643-4009-BFC1-253220F87C7B}.Debug|Any CPU.ActiveCfg = Debug|Any CPU
		{B4530E93-9643-4009-BFC1-253220F87C7B}.Debug|Any CPU.Build.0 = Debug|Any CPU
		{B4530E93-9643-4009-BFC1-253220F87C7B}.Debug|ARM.ActiveCfg = Debug|Any CPU
		{B4530E93-9643-4009-BFC1-253220F87C7B}.Debug|ARM.Build.0 = Debug|Any CPU
		{B4530E93-9643-4009-BFC1-253220F87C7B}.Debug|iPhone.ActiveCfg = Debug|Any CPU
		{B4530E93-9643-4009-BFC1-253220F87C7B}.Debug|iPhone.Build.0 = Debug|Any CPU
		{B4530E93-9643-4009-BFC1-253220F87C7B}.Debug|iPhoneSimulator.ActiveCfg = Debug|Any CPU
		{B4530E93-9643-4009-BFC1-253220F87C7B}.Debug|iPhoneSimulator.Build.0 = Debug|Any CPU
		{B4530E93-9643-4009-BFC1-253220F87C7B}.Debug|x64.ActiveCfg = Debug|Any CPU
		{B4530E93-9643-4009-BFC1-253220F87C7B}.Debug|x64.Build.0 = Debug|Any CPU
		{B4530E93-9643-4009-BFC1-253220F87C7B}.Debug|x86.ActiveCfg = Debug|Any CPU
		{B4530E93-9643-4009-BFC1-253220F87C7B}.Debug|x86.Build.0 = Debug|Any CPU
		{B4530E93-9643-4009-BFC1-253220F87C7B}.Release|Any CPU.ActiveCfg = Release|Any CPU
		{B4530E93-9643-4009-BFC1-253220F87C7B}.Release|Any CPU.Build.0 = Release|Any CPU
		{B4530E93-9643-4009-BFC1-253220F87C7B}.Release|ARM.ActiveCfg = Release|Any CPU
		{B4530E93-9643-4009-BFC1-253220F87C7B}.Release|ARM.Build.0 = Release|Any CPU
		{B4530E93-9643-4009-BFC1-253220F87C7B}.Release|iPhone.ActiveCfg = Release|Any CPU
		{B4530E93-9643-4009-BFC1-253220F87C7B}.Release|iPhone.Build.0 = Release|Any CPU
		{B4530E93-9643-4009-BFC1-253220F87C7B}.Release|iPhoneSimulator.ActiveCfg = Release|Any CPU
		{B4530E93-9643-4009-BFC1-253220F87C7B}.Release|iPhoneSimulator.Build.0 = Release|Any CPU
		{B4530E93-9643-4009-BFC1-253220F87C7B}.Release|x64.ActiveCfg = Release|Any CPU
		{B4530E93-9643-4009-BFC1-253220F87C7B}.Release|x64.Build.0 = Release|Any CPU
		{B4530E93-9643-4009-BFC1-253220F87C7B}.Release|x86.ActiveCfg = Release|Any CPU
		{B4530E93-9643-4009-BFC1-253220F87C7B}.Release|x86.Build.0 = Release|Any CPU
		{3D91FB23-0DF8-4AF8-9FAA-58885C63C397}.Ad-Hoc|Any CPU.ActiveCfg = Release|Any CPU
		{3D91FB23-0DF8-4AF8-9FAA-58885C63C397}.Ad-Hoc|Any CPU.Build.0 = Release|Any CPU
		{3D91FB23-0DF8-4AF8-9FAA-58885C63C397}.Ad-Hoc|ARM.ActiveCfg = Release|Any CPU
		{3D91FB23-0DF8-4AF8-9FAA-58885C63C397}.Ad-Hoc|ARM.Build.0 = Release|Any CPU
		{3D91FB23-0DF8-4AF8-9FAA-58885C63C397}.Ad-Hoc|iPhone.ActiveCfg = Release|Any CPU
		{3D91FB23-0DF8-4AF8-9FAA-58885C63C397}.Ad-Hoc|iPhone.Build.0 = Release|Any CPU
		{3D91FB23-0DF8-4AF8-9FAA-58885C63C397}.Ad-Hoc|iPhoneSimulator.ActiveCfg = Release|Any CPU
		{3D91FB23-0DF8-4AF8-9FAA-58885C63C397}.Ad-Hoc|iPhoneSimulator.Build.0 = Release|Any CPU
		{3D91FB23-0DF8-4AF8-9FAA-58885C63C397}.Ad-Hoc|x64.ActiveCfg = Release|Any CPU
		{3D91FB23-0DF8-4AF8-9FAA-58885C63C397}.Ad-Hoc|x64.Build.0 = Release|Any CPU
		{3D91FB23-0DF8-4AF8-9FAA-58885C63C397}.Ad-Hoc|x86.ActiveCfg = Release|Any CPU
		{3D91FB23-0DF8-4AF8-9FAA-58885C63C397}.Ad-Hoc|x86.Build.0 = Release|Any CPU
		{3D91FB23-0DF8-4AF8-9FAA-58885C63C397}.AppStore|Any CPU.ActiveCfg = Release|Any CPU
		{3D91FB23-0DF8-4AF8-9FAA-58885C63C397}.AppStore|Any CPU.Build.0 = Release|Any CPU
		{3D91FB23-0DF8-4AF8-9FAA-58885C63C397}.AppStore|ARM.ActiveCfg = Release|Any CPU
		{3D91FB23-0DF8-4AF8-9FAA-58885C63C397}.AppStore|ARM.Build.0 = Release|Any CPU
		{3D91FB23-0DF8-4AF8-9FAA-58885C63C397}.AppStore|iPhone.ActiveCfg = Release|Any CPU
		{3D91FB23-0DF8-4AF8-9FAA-58885C63C397}.AppStore|iPhone.Build.0 = Release|Any CPU
		{3D91FB23-0DF8-4AF8-9FAA-58885C63C397}.AppStore|iPhoneSimulator.ActiveCfg = Release|Any CPU
		{3D91FB23-0DF8-4AF8-9FAA-58885C63C397}.AppStore|iPhoneSimulator.Build.0 = Release|Any CPU
		{3D91FB23-0DF8-4AF8-9FAA-58885C63C397}.AppStore|x64.ActiveCfg = Release|Any CPU
		{3D91FB23-0DF8-4AF8-9FAA-58885C63C397}.AppStore|x64.Build.0 = Release|Any CPU
		{3D91FB23-0DF8-4AF8-9FAA-58885C63C397}.AppStore|x86.ActiveCfg = Release|Any CPU
		{3D91FB23-0DF8-4AF8-9FAA-58885C63C397}.AppStore|x86.Build.0 = Release|Any CPU
		{3D91FB23-0DF8-4AF8-9FAA-58885C63C397}.Debug|Any CPU.ActiveCfg = Debug|Any CPU
		{3D91FB23-0DF8-4AF8-9FAA-58885C63C397}.Debug|Any CPU.Build.0 = Debug|Any CPU
		{3D91FB23-0DF8-4AF8-9FAA-58885C63C397}.Debug|Any CPU.Deploy.0 = Debug|Any CPU
		{3D91FB23-0DF8-4AF8-9FAA-58885C63C397}.Debug|ARM.ActiveCfg = Debug|Any CPU
		{3D91FB23-0DF8-4AF8-9FAA-58885C63C397}.Debug|ARM.Build.0 = Debug|Any CPU
		{3D91FB23-0DF8-4AF8-9FAA-58885C63C397}.Debug|iPhone.ActiveCfg = Debug|Any CPU
		{3D91FB23-0DF8-4AF8-9FAA-58885C63C397}.Debug|iPhone.Build.0 = Debug|Any CPU
		{3D91FB23-0DF8-4AF8-9FAA-58885C63C397}.Debug|iPhoneSimulator.ActiveCfg = Debug|Any CPU
		{3D91FB23-0DF8-4AF8-9FAA-58885C63C397}.Debug|iPhoneSimulator.Build.0 = Debug|Any CPU
		{3D91FB23-0DF8-4AF8-9FAA-58885C63C397}.Debug|x64.ActiveCfg = Debug|Any CPU
		{3D91FB23-0DF8-4AF8-9FAA-58885C63C397}.Debug|x64.Build.0 = Debug|Any CPU
		{3D91FB23-0DF8-4AF8-9FAA-58885C63C397}.Debug|x86.ActiveCfg = Debug|Any CPU
		{3D91FB23-0DF8-4AF8-9FAA-58885C63C397}.Debug|x86.Build.0 = Debug|Any CPU
		{3D91FB23-0DF8-4AF8-9FAA-58885C63C397}.Release|Any CPU.ActiveCfg = Release|Any CPU
		{3D91FB23-0DF8-4AF8-9FAA-58885C63C397}.Release|Any CPU.Build.0 = Release|Any CPU
		{3D91FB23-0DF8-4AF8-9FAA-58885C63C397}.Release|Any CPU.Deploy.0 = Release|Any CPU
		{3D91FB23-0DF8-4AF8-9FAA-58885C63C397}.Release|ARM.ActiveCfg = Release|Any CPU
		{3D91FB23-0DF8-4AF8-9FAA-58885C63C397}.Release|ARM.Build.0 = Release|Any CPU
		{3D91FB23-0DF8-4AF8-9FAA-58885C63C397}.Release|iPhone.ActiveCfg = Release|Any CPU
		{3D91FB23-0DF8-4AF8-9FAA-58885C63C397}.Release|iPhone.Build.0 = Release|Any CPU
		{3D91FB23-0DF8-4AF8-9FAA-58885C63C397}.Release|iPhoneSimulator.ActiveCfg = Release|Any CPU
		{3D91FB23-0DF8-4AF8-9FAA-58885C63C397}.Release|iPhoneSimulator.Build.0 = Release|Any CPU
		{3D91FB23-0DF8-4AF8-9FAA-58885C63C397}.Release|x64.ActiveCfg = Release|Any CPU
		{3D91FB23-0DF8-4AF8-9FAA-58885C63C397}.Release|x64.Build.0 = Release|Any CPU
		{3D91FB23-0DF8-4AF8-9FAA-58885C63C397}.Release|x86.ActiveCfg = Release|Any CPU
		{3D91FB23-0DF8-4AF8-9FAA-58885C63C397}.Release|x86.Build.0 = Release|Any CPU
	EndGlobalSection
	GlobalSection(SolutionProperties) = preSolution
		HideSolutionNode = FALSE
	EndGlobalSection
	GlobalSection(ExtensibilityGlobals) = postSolution
		SolutionGuid = {F6D05029-56B8-4E45-AF2D-0E76295DDBA2}
	EndGlobalSection
EndGlobal
